
Microsoft Visual Studio Solution File, Format Version 12.00
# Visual Studio 15
VisualStudioVersion = 15.0.28307.168
MinimumVisualStudioVersion = 10.0.40219.1
Project("{FAE04EC0-301F-11D3-BF4B-00C04F79EFBC}") = "IFashion.Android", "IFashion\IFashion.Android\IFashion.Android.csproj", "{C9F5D1D1-4608-4D11-913A-ED4A9E093AB6}"
EndProject
Project("{FAE04EC0-301F-11D3-BF4B-00C04F79EFBC}") = "IFashion", "IFashion\IFashion\IFashion.csproj", "{FD93042A-B966-4327-87D4-FAF40F10F474}"
EndProject
Global
	GlobalSection(SolutionConfigurationPlatforms) = preSolution
		Debug|Any CPU = Debug|Any CPU
		Release|Any CPU = Release|Any CPU
	EndGlobalSection
	GlobalSection(ProjectConfigurationPlatforms) = postSolution
		{C9F5D1D1-4608-4D11-913A-ED4A9E093AB6}.Debug|Any CPU.ActiveCfg = Debug|Any CPU
		{C9F5D1D1-4608-4D11-913A-ED4A9E093AB6}.Debug|Any CPU.Build.0 = Debug|Any CPU
		{C9F5D1D1-4608-4D11-913A-ED4A9E093AB6}.Debug|Any CPU.Deploy.0 = Debug|Any CPU
		{C9F5D1D1-4608-4D11-913A-ED4A9E093AB6}.Release|Any CPU.ActiveCfg = Release|Any CPU
		{C9F5D1D1-4608-4D11-913A-ED4A9E093AB6}.Release|Any CPU.Build.0 = Release|Any CPU
		{C9F5D1D1-4608-4D11-913A-ED4A9E093AB6}.Release|Any CPU.Deploy.0 = Release|Any CPU
		{FD93042A-B966-4327-87D4-FAF40F10F474}.Debug|Any CPU.ActiveCfg = Debug|Any CPU
		{FD93042A-B966-4327-87D4-FAF40F10F474}.Debug|Any CPU.Build.0 = Debug|Any CPU
		{FD93042A-B966-4327-87D4-FAF40F10F474}.Release|Any CPU.ActiveCfg = Release|Any CPU
		{FD93042A-B966-4327-87D4-FAF40F10F474}.Release|Any CPU.Build.0 = Release|Any CPU
	EndGlobalSection
	GlobalSection(SolutionProperties) = preSolution
		HideSolutionNode = FALSE
	EndGlobalSection
	GlobalSection(ExtensibilityGlobals) = postSolution
		SolutionGuid = {571256C6-43CA-4472-B481-15B1B6DC6A1F}
	EndGlobalSection
EndGlobal
